// !$*UTF8*$!
{
	archiveVersion = 1;
	classes = {
	};
	objectVersion = 55;
	objects = {

/* Begin PBXBuildFile section */
		5629D286289715DD0013FCCF /* MVVM_JPMC_TakeHomeApp.swift in Sources */ = {isa = PBXBuildFile; fileRef = 5629D285289715DD0013FCCF /* MVVM_JPMC_TakeHomeApp.swift */; };
		5629D288289715DD0013FCCF /* ContentView.swift in Sources */ = {isa = PBXBuildFile; fileRef = 5629D287289715DD0013FCCF /* ContentView.swift */; };
		5629D28A289715DE0013FCCF /* Assets.xcassets in Resources */ = {isa = PBXBuildFile; fileRef = 5629D289289715DE0013FCCF /* Assets.xcassets */; };
		5629D28D289715DE0013FCCF /* Preview Assets.xcassets in Resources */ = {isa = PBXBuildFile; fileRef = 5629D28C289715DE0013FCCF /* Preview Assets.xcassets */; };
		5629D294289715F80013FCCF /* Model.swift in Sources */ = {isa = PBXBuildFile; fileRef = 5629D293289715F80013FCCF /* Model.swift */; };
		5629D296289717BD0013FCCF /* SchoolInfoView.swift in Sources */ = {isa = PBXBuildFile; fileRef = 5629D295289717BD0013FCCF /* SchoolInfoView.swift */; };
		5629D298289718510013FCCF /* SchoolDetailView.swift in Sources */ = {isa = PBXBuildFile; fileRef = 5629D297289718510013FCCF /* SchoolDetailView.swift */; };
		5629D29A28971B130013FCCF /* ViewModel.swift in Sources */ = {isa = PBXBuildFile; fileRef = 5629D29928971B130013FCCF /* ViewModel.swift */; };
		5629D29D289726370013FCCF /* MVVM_JPMC_TakeHome.png in Resources */ = {isa = PBXBuildFile; fileRef = 5629D29C289726360013FCCF /* MVVM_JPMC_TakeHome.png */; };
		5629D29F289726420013FCCF /* MVVM_JPMC_TakeHome.png in Resources */ = {isa = PBXBuildFile; fileRef = 5629D29E289726420013FCCF /* MVVM_JPMC_TakeHome.png */; };
/* End PBXBuildFile section */

/* Begin PBXFileReference section */
		5629D282289715DD0013FCCF /* MVVM_JPMC_TakeHome.app */ = {isa = PBXFileReference; explicitFileType = wrapper.application; includeInIndex = 0; path = MVVM_JPMC_TakeHome.app; sourceTree = BUILT_PRODUCTS_DIR; };
		5629D285289715DD0013FCCF /* MVVM_JPMC_TakeHomeApp.swift */ = {isa = PBXFileReference; lastKnownFileType = sourcecode.swift; path = MVVM_JPMC_TakeHomeApp.swift; sourceTree = "<group>"; };
		5629D287289715DD0013FCCF /* ContentView.swift */ = {isa = PBXFileReference; lastKnownFileType = sourcecode.swift; path = ContentView.swift; sourceTree = "<group>"; };
		5629D289289715DE0013FCCF /* Assets.xcassets */ = {isa = PBXFileReference; lastKnownFileType = folder.assetcatalog; path = Assets.xcassets; sourceTree = "<group>"; };
		5629D28C289715DE0013FCCF /* Preview Assets.xcassets */ = {isa = PBXFileReference; lastKnownFileType = folder.assetcatalog; path = "Preview Assets.xcassets"; sourceTree = "<group>"; };
		5629D293289715F80013FCCF /* Model.swift */ = {isa = PBXFileReference; lastKnownFileType = sourcecode.swift; path = Model.swift; sourceTree = "<group>"; };
		5629D295289717BD0013FCCF /* SchoolInfoView.swift */ = {isa = PBXFileReference; lastKnownFileType = sourcecode.swift; path = SchoolInfoView.swift; sourceTree = "<group>"; };
		5629D297289718510013FCCF /* SchoolDetailView.swift */ = {isa = PBXFileReference; lastKnownFileType = sourcecode.swift; path = SchoolDetailView.swift; sourceTree = "<group>"; };
		5629D29928971B130013FCCF /* ViewModel.swift */ = {isa = PBXFileReference; lastKnownFileType = sourcecode.swift; path = ViewModel.swift; sourceTree = "<group>"; };
		5629D29B289723DF0013FCCF /* ReadMe.md */ = {isa = PBXFileReference; lastKnownFileType = net.daringfireball.markdown; path = ReadMe.md; sourceTree = "<group>"; };
		5629D29C289726360013FCCF /* MVVM_JPMC_TakeHome.png */ = {isa = PBXFileReference; lastKnownFileType = image.png; path = MVVM_JPMC_TakeHome.png; sourceTree = "<group>"; };
		5629D29E289726420013FCCF /* MVVM_JPMC_TakeHome.png */ = {isa = PBXFileReference; lastKnownFileType = image.png; path = MVVM_JPMC_TakeHome.png; sourceTree = "<group>"; };
/* End PBXFileReference section */

/* Begin PBXFrameworksBuildPhase section */
		5629D27F289715DD0013FCCF /* Frameworks */ = {
			isa = PBXFrameworksBuildPhase;
			buildActionMask = 2147483647;
			files = (
			);
			runOnlyForDeploymentPostprocessing = 0;
		};
/* End PBXFrameworksBuildPhase section */

/* Begin PBXGroup section */
		5629D279289715DD0013FCCF = {
			isa = PBXGroup;
			children = (
				5629D29B289723DF0013FCCF /* ReadMe.md */,
				5629D284289715DD0013FCCF /* MVVM_JPMC_TakeHome */,
				5629D283289715DD0013FCCF /* Products */,
			);
			sourceTree = "<group>";
		};
		5629D283289715DD0013FCCF /* Products */ = {
			isa = PBXGroup;
			children = (
				5629D282289715DD0013FCCF /* MVVM_JPMC_TakeHome.app */,
			);
			name = Products;
			sourceTree = "<group>";
		};
		5629D284289715DD0013FCCF /* MVVM_JPMC_TakeHome */ = {
			isa = PBXGroup;
			children = (
				5629D29E289726420013FCCF /* MVVM_JPMC_TakeHome.png */,
				5629D285289715DD0013FCCF /* MVVM_JPMC_TakeHomeApp.swift */,
				5629D287289715DD0013FCCF /* ContentView.swift */,
				5629D29928971B130013FCCF /* ViewModel.swift */,
				5629D293289715F80013FCCF /* Model.swift */,
				5629D295289717BD0013FCCF /* SchoolInfoView.swift */,
				5629D297289718510013FCCF /* SchoolDetailView.swift */,
				5629D289289715DE0013FCCF /* Assets.xcassets */,
				5629D28B289715DE0013FCCF /* Preview Content */,
			);
			path = MVVM_JPMC_TakeHome;
			sourceTree = "<group>";
		};
		5629D28B289715DE0013FCCF /* Preview Content */ = {
			isa = PBXGroup;
			children = (
				5629D29C289726360013FCCF /* MVVM_JPMC_TakeHome.png */,
				5629D28C289715DE0013FCCF /* Preview Assets.xcassets */,
			);
			path = "Preview Content";
			sourceTree = "<group>";
		};
/* End PBXGroup section */

/* Begin PBXNativeTarget section */
		5629D281289715DD0013FCCF /* MVVM_JPMC_TakeHome */ = {
			isa = PBXNativeTarget;
			buildConfigurationList = 5629D290289715DE0013FCCF /* Build configuration list for PBXNativeTarget "MVVM_JPMC_TakeHome" */;
			buildPhases = (
				5629D27E289715DD0013FCCF /* Sources */,
				5629D27F289715DD0013FCCF /* Frameworks */,
				5629D280289715DD0013FCCF /* Resources */,
			);
			buildRules = (
			);
			dependencies = (
			);
			name = MVVM_JPMC_TakeHome;
			productName = MVVM_JPMC_TakeHome;
			productReference = 5629D282289715DD0013FCCF /* MVVM_JPMC_TakeHome.app */;
			productType = "com.apple.product-type.application";
		};
/* End PBXNativeTarget section */

/* Begin PBXProject section */
		5629D27A289715DD0013FCCF /* Project object */ = {
			isa = PBXProject;
			attributes = {
				BuildIndependentTargetsInParallel = 1;
				LastSwiftUpdateCheck = 1340;
				LastUpgradeCheck = 1340;
				TargetAttributes = {
					5629D281289715DD0013FCCF = {
						CreatedOnToolsVersion = 13.4.1;
					};
				};
			};
			buildConfigurationList = 5629D27D289715DD0013FCCF /* Build configuration list for PBXProject "MVVM_JPMC_TakeHome" */;
			compatibilityVersion = "Xcode 13.0";
			developmentRegion = en;
			hasScannedForEncodings = 0;
			knownRegions = (
				en,
				Base,
			);
			mainGroup = 5629D279289715DD0013FCCF;
			productRefGroup = 5629D283289715DD0013FCCF /* Products */;
			projectDirPath = "";
			projectRoot = "";
			targets = (
				5629D281289715DD0013FCCF /* MVVM_JPMC_TakeHome */,
			);
		};
/* End PBXProject section */

/* Begin PBXResourcesBuildPhase section */
		5629D280289715DD0013FCCF /* Resources */ = {
			isa = PBXResourcesBuildPhase;
			buildActionMask = 2147483647;
			files = (
				5629D28D289715DE0013FCCF /* Preview Assets.xcassets in Resources */,
				5629D29F289726420013FCCF /* MVVM_JPMC_TakeHome.png in Resources */,
				5629D28A289715DE0013FCCF /* Assets.xcassets in Resources */,
				5629D29D289726370013FCCF /* MVVM_JPMC_TakeHome.png in Resources */,
			);
			runOnlyForDeploymentPostprocessing = 0;
		};
/* End PBXResourcesBuildPhase section */

/* Begin PBXSourcesBuildPhase section */
		5629D27E289715DD0013FCCF /* Sources */ = {
			isa = PBXSourcesBuildPhase;
			buildActionMask = 2147483647;
			files = (
				5629D298289718510013FCCF /* SchoolDetailView.swift in Sources */,
				5629D294289715F80013FCCF /* Model.swift in Sources */,
				5629D288289715DD0013FCCF /* ContentView.swift in Sources */,
				5629D296289717BD0013FCCF /* SchoolInfoView.swift in Sources */,
				5629D29A28971B130013FCCF /* ViewModel.swift in Sources */,
				5629D286289715DD0013FCCF /* MVVM_JPMC_TakeHomeApp.swift in Sources */,
			);
			runOnlyForDeploymentPostprocessing = 0;
		};
/* End PBXSourcesBuildPhase section */

/* Begin XCBuildConfiguration section */
		5629D28E289715DE0013FCCF /* Debug */ = {
			isa = XCBuildConfiguration;
			buildSettings = {
				ALWAYS_SEARCH_USER_PATHS = NO;
				CLANG_ANALYZER_NONNULL = YES;
				CLANG_ANALYZER_NUMBER_OBJECT_CONVERSION = YES_AGGRESSIVE;
				CLANG_CXX_LANGUAGE_STANDARD = "gnu++17";
				CLANG_ENABLE_MODULES = YES;
				CLANG_ENABLE_OBJC_ARC = YES;
				CLANG_ENABLE_OBJC_WEAK = YES;
				CLANG_WARN_BLOCK_CAPTURE_AUTORELEASING = YES;
				CLANG_WARN_BOOL_CONVERSION = YES;
				CLANG_WARN_COMMA = YES;
				CLANG_WARN_CONSTANT_CONVERSION = YES;
				CLANG_WARN_DEPRECATED_OBJC_IMPLEMENTATIONS = YES;
				CLANG_WARN_DIRECT_OBJC_ISA_USAGE = YES_ERROR;
				CLANG_WARN_DOCUMENTATION_COMMENTS = YES;
				CLANG_WARN_EMPTY_BODY = YES;
				CLANG_WARN_ENUM_CONVERSION = YES;
				CLANG_WARN_INFINITE_RECURSION = YES;
				CLANG_WARN_INT_CONVERSION = YES;
				CLANG_WARN_NON_LITERAL_NULL_CONVERSION = YES;
				CLANG_WARN_OBJC_IMPLICIT_RETAIN_SELF = YES;
				CLANG_WARN_OBJC_LITERAL_CONVERSION = YES;
				CLANG_WARN_OBJC_ROOT_CLASS = YES_ERROR;
				CLANG_WARN_QUOTED_INCLUDE_IN_FRAMEWORK_HEADER = YES;
				CLANG_WARN_RANGE_LOOP_ANALYSIS = YES;
				CLANG_WARN_STRICT_PROTOTYPES = YES;
				CLANG_WARN_SUSPICIOUS_MOVE = YES;
				CLANG_WARN_UNGUARDED_AVAILABILITY = YES_AGGRESSIVE;
				CLANG_WARN_UNREACHABLE_CODE = YES;
				CLANG_WARN__DUPLICATE_METHOD_MATCH = YES;
				COPY_PHASE_STRIP = NO;
				DEBUG_INFORMATION_FORMAT = dwarf;
				ENABLE_STRICT_OBJC_MSGSEND = YES;
				ENABLE_TESTABILITY = YES;
				GCC_C_LANGUAGE_STANDARD = gnu11;
				GCC_DYNAMIC_NO_PIC = NO;
				GCC_NO_COMMON_BLOCKS = YES;
				GCC_OPTIMIZATION_LEVEL = 0;
				GCC_PREPROCESSOR_DEFINITIONS = (
					"DEBUG=1",
					"$(inherited)",
				);
				GCC_WARN_64_TO_32_BIT_CONVERSION = YES;
				GCC_WARN_ABOUT_RETURN_TYPE = YES_ERROR;
				GCC_WARN_UNDECLARED_SELECTOR = YES;
				GCC_WARN_UNINITIALIZED_AUTOS = YES_AGGRESSIVE;
				GCC_WARN_UNUSED_FUNCTION = YES;
				GCC_WARN_UNUSED_VARIABLE = YES;
				IPHONEOS_DEPLOYMENT_TARGET = 15.5;
				MTL_ENABLE_DEBUG_INFO = INCLUDE_SOURCE;
				MTL_FAST_MATH = YES;
				ONLY_ACTIVE_ARCH = YES;
				SDKROOT = iphoneos;
				SWIFT_ACTIVE_COMPILATION_CONDITIONS = DEBUG;
				SWIFT_OPTIMIZATION_LEVEL = "-Onone";
			};
			name = Debug;
		};
		5629D28F289715DE0013FCCF /* Release */ = {
			isa = XCBuildConfiguration;
			buildSettings = {
				ALWAYS_SEARCH_USER_PATHS = NO;
				CLANG_ANALYZER_NONNULL = YES;
				CLANG_ANALYZER_NUMBER_OBJECT_CONVERSION = YES_AGGRESSIVE;
				CLANG_CXX_LANGUAGE_STANDARD = "gnu++17";
				CLANG_ENABLE_MODULES = YES;
				CLANG_ENABLE_OBJC_ARC = YES;
				CLANG_ENABLE_OBJC_WEAK = YES;
				CLANG_WARN_BLOCK_CAPTURE_AUTORELEASING = YES;
				CLANG_WARN_BOOL_CONVERSION = YES;
				CLANG_WARN_COMMA = YES;
				CLANG_WARN_CONSTANT_CONVERSION = YES;
				CLANG_WARN_DEPRECATED_OBJC_IMPLEMENTATIONS = YES;
				CLANG_WARN_DIRECT_OBJC_ISA_USAGE = YES_ERROR;
				CLANG_WARN_DOCUMENTATION_COMMENTS = YES;
				CLANG_WARN_EMPTY_BODY = YES;
				CLANG_WARN_ENUM_CONVERSION = YES;
				CLANG_WARN_INFINITE_RECURSION = YES;
				CLANG_WARN_INT_CONVERSION = YES;
				CLANG_WARN_NON_LITERAL_NULL_CONVERSION = YES;
				CLANG_WARN_OBJC_IMPLICIT_RETAIN_SELF = YES;
				CLANG_WARN_OBJC_LITERAL_CONVERSION = YES;
				CLANG_WARN_OBJC_ROOT_CLASS = YES_ERROR;
				CLANG_WARN_QUOTED_INCLUDE_IN_FRAMEWORK_HEADER = YES;
				CLANG_WARN_RANGE_LOOP_ANALYSIS = YES;
				CLANG_WARN_STRICT_PROTOTYPES = YES;
				CLANG_WARN_SUSPICIOUS_MOVE = YES;
				CLANG_WARN_UNGUARDED_AVAILABILITY = YES_AGGRESSIVE;
				CLANG_WARN_UNREACHABLE_CODE = YES;
				CLANG_WARN__DUPLICATE_METHOD_MATCH = YES;
				COPY_PHASE_STRIP = NO;
				DEBUG_INFORMATION_FORMAT = "dwarf-with-dsym";
				ENABLE_NS_ASSERTIONS = NO;
				ENABLE_STRICT_OBJC_MSGSEND = YES;
				GCC_C_LANGUAGE_STANDARD = gnu11;
				GCC_NO_COMMON_BLOCKS = YES;
				GCC_WARN_64_TO_32_BIT_CONVERSION = YES;
				GCC_WARN_ABOUT_RETURN_TYPE = YES_ERROR;
				GCC_WARN_UNDECLARED_SELECTOR = YES;
				GCC_WARN_UNINITIALIZED_AUTOS = YES_AGGRESSIVE;
				GCC_WARN_UNUSED_FUNCTION = YES;
				GCC_WARN_UNUSED_VARIABLE = YES;
				IPHONEOS_DEPLOYMENT_TARGET = 15.5;
				MTL_ENABLE_DEBUG_INFO = NO;
				MTL_FAST_MATH = YES;
				SDKROOT = iphoneos;
				SWIFT_COMPILATION_MODE = wholemodule;
				SWIFT_OPTIMIZATION_LEVEL = "-O";
				VALIDATE_PRODUCT = YES;
			};
			name = Release;
		};
		5629D291289715DE0013FCCF /* Debug */ = {
			isa = XCBuildConfiguration;
			buildSettings = {
				ASSETCATALOG_COMPILER_APPICON_NAME = AppIcon;
				ASSETCATALOG_COMPILER_GLOBAL_ACCENT_COLOR_NAME = AccentColor;
				CODE_SIGN_STYLE = Automatic;
				CURRENT_PROJECT_VERSION = 1;
				DEVELOPMENT_ASSET_PATHS = "\"MVVM_JPMC_TakeHome/Preview Content\"";
				DEVELOPMENT_TEAM = RHPLRY9X9P;
				ENABLE_PREVIEWS = YES;
				GENERATE_INFOPLIST_FILE = YES;
				INFOPLIST_KEY_UIApplicationSceneManifest_Generation = YES;
				INFOPLIST_KEY_UIApplicationSupportsIndirectInputEvents = YES;
				INFOPLIST_KEY_UILaunchScreen_Generation = YES;
				INFOPLIST_KEY_UISupportedInterfaceOrientations_iPad = "UIInterfaceOrientationPortrait UIInterfaceOrientationPortraitUpsideDown UIInterfaceOrientationLandscapeLeft UIInterfaceOrientationLandscapeRight";
				INFOPLIST_KEY_UISupportedInterfaceOrientations_iPhone = "UIInterfaceOrientationPortrait UIInterfaceOrientationLandscapeLeft UIInterfaceOrientationLandscapeRight";
				LD_RUNPATH_SEARCH_PATHS = (
					"$(inherited)",
					"@executable_path/Frameworks",
				);
				MARKETING_VERSION = 1.0;
				PRODUCT_BUNDLE_IDENTIFIER = "kessenma.MVVM-JPMC-TakeHome";
				PRODUCT_NAME = "$(TARGET_NAME)";
				SWIFT_EMIT_LOC_STRINGS = YES;
				SWIFT_VERSION = 5.0;
				TARGETED_DEVICE_FAMILY = "1,2";
			};
			name = Debug;
		};
		5629D292289715DE0013FCCF /* Release */ = {
			isa = XCBuildConfiguration;
			buildSettings = {
				ASSETCATALOG_COMPILER_APPICON_NAME = AppIcon;
				ASSETCATALOG_COMPILER_GLOBAL_ACCENT_COLOR_NAME = AccentColor;
				CODE_SIGN_STYLE = Automatic;
				CURRENT_PROJECT_VERSION = 1;
				DEVELOPMENT_ASSET_PATHS = "\"MVVM_JPMC_TakeHome/Preview Content\"";
				DEVELOPMENT_TEAM = RHPLRY9X9P;
				ENABLE_PREVIEWS = YES;
				GENERATE_INFOPLIST_FILE = YES;
				INFOPLIST_KEY_UIApplicationSceneManifest_Generation = YES;
				INFOPLIST_KEY_UIApplicationSupportsIndirectInputEvents = YES;
				INFOPLIST_KEY_UILaunchScreen_Generation = YES;
				INFOPLIST_KEY_UISupportedInterfaceOrientations_iPad = "UIInterfaceOrientationPortrait UIInterfaceOrientationPortraitUpsideDown UIInterfaceOrientationLandscapeLeft UIInterfaceOrientationLandscapeRight";
				INFOPLIST_KEY_UISupportedInterfaceOrientations_iPhone = "UIInterfaceOrientationPortrait UIInterfaceOrientationLandscapeLeft UIInterfaceOrientationLandscapeRight";
				LD_RUNPATH_SEARCH_PATHS = (
					"$(inherited)",
					"@executable_path/Frameworks",
				);
				MARKETING_VERSION = 1.0;
				PRODUCT_BUNDLE_IDENTIFIER = "kessenma.MVVM-JPMC-TakeHome";
				PRODUCT_NAME = "$(TARGET_NAME)";
				SWIFT_EMIT_LOC_STRINGS = YES;
				SWIFT_VERSION = 5.0;
				TARGETED_DEVICE_FAMILY = "1,2";
			};
			name = Release;
		};
/* End XCBuildConfiguration section */

/* Begin XCConfigurationList section */
		5629D27D289715DD0013FCCF /* Build configuration list for PBXProject "MVVM_JPMC_TakeHome" */ = {
			isa = XCConfigurationList;
			buildConfigurations = (
				5629D28E289715DE0013FCCF /* Debug */,
				5629D28F289715DE0013FCCF /* Release */,
			);
			defaultConfigurationIsVisible = 0;
			defaultConfigurationName = Release;
		};
		5629D290289715DE0013FCCF /* Build configuration list for PBXNativeTarget "MVVM_JPMC_TakeHome" */ = {
			isa = XCConfigurationList;
			buildConfigurations = (
				5629D291289715DE0013FCCF /* Debug */,
				5629D292289715DE0013FCCF /* Release */,
			);
			defaultConfigurationIsVisible = 0;
			defaultConfigurationName = Release;
		};
/* End XCConfigurationList section */
	};
	rootObject = 5629D27A289715DD0013FCCF /* Project object */;
}
